
Microsoft Visual Studio Solution File, Format Version 12.00
# Visual Studio Version 17
VisualStudioVersion = 17.3.32819.101
MinimumVisualStudioVersion = 10.0.40219.1
Project("{FAE04EC0-301F-11D3-BF4B-00C04F79EFBC}") = "lepší Collatz", "lepší Collatz\lepší Collatz.csproj", "{04961DAE-DCBF-4CFF-8708-EFEEB1234B7B}"
EndProject
Global
	GlobalSection(SolutionConfigurationPlatforms) = preSolution
		Debug|Any CPU = Debug|Any CPU
		Release|Any CPU = Release|Any CPU
	EndGlobalSection
	GlobalSection(ProjectConfigurationPlatforms) = postSolution
		{04961DAE-DCBF-4CFF-8708-EFEEB1234B7B}.Debug|Any CPU.ActiveCfg = Debug|Any CPU
		{04961DAE-DCBF-4CFF-8708-EFEEB1234B7B}.Debug|Any CPU.Build.0 = Debug|Any CPU
		{04961DAE-DCBF-4CFF-8708-EFEEB1234B7B}.Release|Any CPU.ActiveCfg = Release|Any CPU
		{04961DAE-DCBF-4CFF-8708-EFEEB1234B7B}.Release|Any CPU.Build.0 = Release|Any CPU
	EndGlobalSection
	GlobalSection(SolutionProperties) = preSolution
		HideSolutionNode = FALSE
	EndGlobalSection
	GlobalSection(ExtensibilityGlobals) = postSolution
		SolutionGuid = {2C0C1EDD-36BD-41B5-A8D4-CBBCACADD802}
	EndGlobalSection
EndGlobal
